
Microsoft Visual Studio Solution File, Format Version 12.00
# Visual Studio Version 17
VisualStudioVersion = 17.6.33712.159
MinimumVisualStudioVersion = 10.0.40219.1
Project("{FAE04EC0-301F-11D3-BF4B-00C04F79EFBC}") = "ShapCred_Release", "ShapCred_Release.csproj", "{EF1DCF82-17E8-43CE-B246-24F31DB175B0}"
EndProject
Global
	GlobalSection(SolutionConfigurationPlatforms) = preSolution
		Debug|Any CPU = Debug|Any CPU
		Release|Any CPU = Release|Any CPU
	EndGlobalSection
	GlobalSection(ProjectConfigurationPlatforms) = postSolution
		{EF1DCF82-17E8-43CE-B246-24F31DB175B0}.Debug|Any CPU.ActiveCfg = Debug|Any CPU
		{EF1DCF82-17E8-43CE-B246-24F31DB175B0}.Debug|Any CPU.Build.0 = Debug|Any CPU
		{EF1DCF82-17E8-43CE-B246-24F31DB175B0}.Release|Any CPU.ActiveCfg = Release|Any CPU
		{EF1DCF82-17E8-43CE-B246-24F31DB175B0}.Release|Any CPU.Build.0 = Release|Any CPU
	EndGlobalSection
	GlobalSection(SolutionProperties) = preSolution
		HideSolutionNode = FALSE
	EndGlobalSection
	GlobalSection(ExtensibilityGlobals) = postSolution
		SolutionGuid = {14CA98E9-B6C8-455A-A50C-E224E03D80FD}
	EndGlobalSection
EndGlobal
